
Microsoft Visual Studio Solution File, Format Version 12.00
# Visual Studio Version 17
VisualStudioVersion = 17.11.35327.3
MinimumVisualStudioVersion = 10.0.40219.1
Project("{9A19103F-16F7-4668-BE54-9A1E7A4F7556}") = "CoreEntities", "CoreEntities\CoreEntities.csproj", "{3C330A78-1120-4634-82AF-FFFDC122A37F}"
EndProject
Project("{2150E333-8FDC-42A3-9474-1A3956D46DE8}") = "Entities", "Entities", "{8C647A58-C698-4332-A043-FFA33AC14CC3}"
EndProject
Project("{2150E333-8FDC-42A3-9474-1A3956D46DE8}") = "2-DAL", "2-DAL", "{91B45D82-D42B-4990-A352-EFD481A119FD}"
EndProject
Project("{9A19103F-16F7-4668-BE54-9A1E7A4F7556}") = "Construction", "Construction\Construction.csproj", "{EC92014F-00C1-47DB-83B6-1D0C2BF14CB9}"
EndProject
Project("{2150E333-8FDC-42A3-9474-1A3956D46DE8}") = "UI's", "UI's", "{6D9B1F30-7026-40F2-92AD-2B9B0EFE7A02}"
EndProject
Project("{9A19103F-16F7-4668-BE54-9A1E7A4F7556}") = "BlogUI", "BlogUI\BlogUI.csproj", "{CD059CAB-7368-4FE4-B80F-69225315F4AE}"
EndProject
Project("{9A19103F-16F7-4668-BE54-9A1E7A4F7556}") = "AppUı", "AppUı\AppUı.csproj", "{5B6BCD08-F553-410C-A5CF-3B7C9BA0EEF8}"
EndProject
Project("{2150E333-8FDC-42A3-9474-1A3956D46DE8}") = "Repositories", "Repositories", "{C8CBD9AD-CCCA-4422-AA92-FF5FFAE6497D}"
EndProject
Project("{2150E333-8FDC-42A3-9474-1A3956D46DE8}") = "NewEntities", "NewEntities", "{77DB3223-2579-41F1-8939-FA4393164D32}"
EndProject
Project("{FAE04EC0-301F-11D3-BF4B-00C04F79EFBC}") = "NewEntity", "NewEntity\NewEntity.csproj", "{846B4F36-AACC-4972-B487-AEE585667EAE}"
EndProject
Global
	GlobalSection(SolutionConfigurationPlatforms) = preSolution
		Debug|Any CPU = Debug|Any CPU
		Release|Any CPU = Release|Any CPU
	EndGlobalSection
	GlobalSection(ProjectConfigurationPlatforms) = postSolution
		{3C330A78-1120-4634-82AF-FFFDC122A37F}.Debug|Any CPU.ActiveCfg = Debug|Any CPU
		{3C330A78-1120-4634-82AF-FFFDC122A37F}.Debug|Any CPU.Build.0 = Debug|Any CPU
		{3C330A78-1120-4634-82AF-FFFDC122A37F}.Release|Any CPU.ActiveCfg = Release|Any CPU
		{3C330A78-1120-4634-82AF-FFFDC122A37F}.Release|Any CPU.Build.0 = Release|Any CPU
		{EC92014F-00C1-47DB-83B6-1D0C2BF14CB9}.Debug|Any CPU.ActiveCfg = Debug|Any CPU
		{EC92014F-00C1-47DB-83B6-1D0C2BF14CB9}.Debug|Any CPU.Build.0 = Debug|Any CPU
		{EC92014F-00C1-47DB-83B6-1D0C2BF14CB9}.Release|Any CPU.ActiveCfg = Release|Any CPU
		{EC92014F-00C1-47DB-83B6-1D0C2BF14CB9}.Release|Any CPU.Build.0 = Release|Any CPU
		{CD059CAB-7368-4FE4-B80F-69225315F4AE}.Debug|Any CPU.ActiveCfg = Debug|Any CPU
		{CD059CAB-7368-4FE4-B80F-69225315F4AE}.Debug|Any CPU.Build.0 = Debug|Any CPU
		{CD059CAB-7368-4FE4-B80F-69225315F4AE}.Release|Any CPU.ActiveCfg = Release|Any CPU
		{CD059CAB-7368-4FE4-B80F-69225315F4AE}.Release|Any CPU.Build.0 = Release|Any CPU
		{5B6BCD08-F553-410C-A5CF-3B7C9BA0EEF8}.Debug|Any CPU.ActiveCfg = Debug|Any CPU
		{5B6BCD08-F553-410C-A5CF-3B7C9BA0EEF8}.Debug|Any CPU.Build.0 = Debug|Any CPU
		{5B6BCD08-F553-410C-A5CF-3B7C9BA0EEF8}.Release|Any CPU.ActiveCfg = Release|Any CPU
		{5B6BCD08-F553-410C-A5CF-3B7C9BA0EEF8}.Release|Any CPU.Build.0 = Release|Any CPU
		{846B4F36-AACC-4972-B487-AEE585667EAE}.Debug|Any CPU.ActiveCfg = Debug|Any CPU
		{846B4F36-AACC-4972-B487-AEE585667EAE}.Debug|Any CPU.Build.0 = Debug|Any CPU
		{846B4F36-AACC-4972-B487-AEE585667EAE}.Release|Any CPU.ActiveCfg = Release|Any CPU
		{846B4F36-AACC-4972-B487-AEE585667EAE}.Release|Any CPU.Build.0 = Release|Any CPU
	EndGlobalSection
	GlobalSection(SolutionProperties) = preSolution
		HideSolutionNode = FALSE
	EndGlobalSection
	GlobalSection(NestedProjects) = preSolution
		{3C330A78-1120-4634-82AF-FFFDC122A37F} = {8C647A58-C698-4332-A043-FFA33AC14CC3}
		{8C647A58-C698-4332-A043-FFA33AC14CC3} = {91B45D82-D42B-4990-A352-EFD481A119FD}
		{EC92014F-00C1-47DB-83B6-1D0C2BF14CB9} = {C8CBD9AD-CCCA-4422-AA92-FF5FFAE6497D}
		{CD059CAB-7368-4FE4-B80F-69225315F4AE} = {6D9B1F30-7026-40F2-92AD-2B9B0EFE7A02}
		{5B6BCD08-F553-410C-A5CF-3B7C9BA0EEF8} = {6D9B1F30-7026-40F2-92AD-2B9B0EFE7A02}
		{C8CBD9AD-CCCA-4422-AA92-FF5FFAE6497D} = {91B45D82-D42B-4990-A352-EFD481A119FD}
		{77DB3223-2579-41F1-8939-FA4393164D32} = {91B45D82-D42B-4990-A352-EFD481A119FD}
		{846B4F36-AACC-4972-B487-AEE585667EAE} = {77DB3223-2579-41F1-8939-FA4393164D32}
	EndGlobalSection
	GlobalSection(ExtensibilityGlobals) = postSolution
		SolutionGuid = {B7D1A568-6C8A-48E7-8419-5ECF198722E5}
	EndGlobalSection
EndGlobal
